
Microsoft Visual Studio Solution File, Format Version 12.00
# Visual Studio Version 17
VisualStudioVersion = 17.1.32210.238
MinimumVisualStudioVersion = 10.0.40219.1
Project("{FAE04EC0-301F-11D3-BF4B-00C04F79EFBC}") = "Ver1", "Ver1\Ver1.csproj", "{3E77A537-4960-4C46-9D0E-791142643498}"
EndProject
Global
	GlobalSection(SolutionConfigurationPlatforms) = preSolution
		Debug|Any CPU = Debug|Any CPU
		Release|Any CPU = Release|Any CPU
	EndGlobalSection
	GlobalSection(ProjectConfigurationPlatforms) = postSolution
		{3E77A537-4960-4C46-9D0E-791142643498}.Debug|Any CPU.ActiveCfg = Debug|Any CPU
		{3E77A537-4960-4C46-9D0E-791142643498}.Debug|Any CPU.Build.0 = Debug|Any CPU
		{3E77A537-4960-4C46-9D0E-791142643498}.Release|Any CPU.ActiveCfg = Release|Any CPU
		{3E77A537-4960-4C46-9D0E-791142643498}.Release|Any CPU.Build.0 = Release|Any CPU
	EndGlobalSection
	GlobalSection(SolutionProperties) = preSolution
		HideSolutionNode = FALSE
	EndGlobalSection
	GlobalSection(ExtensibilityGlobals) = postSolution
		SolutionGuid = {2B55B851-E1A1-43A2-96FD-15301338EFC3}
	EndGlobalSection
EndGlobal
